// !$*UTF8*$!
{
	archiveVersion = 1;
	classes = {
	};
	objectVersion = 56;
	objects = {

/* Begin PBXBuildFile section */
		5C6F2CA52B35529E00FE3488 /* ChartDemoApp.swift in Sources */ = {isa = PBXBuildFile; fileRef = 5C6F2CA42B35529E00FE3488 /* ChartDemoApp.swift */; };
		5C6F2CA72B35529E00FE3488 /* ContentView.swift in Sources */ = {isa = PBXBuildFile; fileRef = 5C6F2CA62B35529E00FE3488 /* ContentView.swift */; };
		5C6F2CA92B3552A000FE3488 /* Assets.xcassets in Resources */ = {isa = PBXBuildFile; fileRef = 5C6F2CA82B3552A000FE3488 /* Assets.xcassets */; };
		5C6F2CAD2B3552A000FE3488 /* Preview Assets.xcassets in Resources */ = {isa = PBXBuildFile; fileRef = 5C6F2CAC2B3552A000FE3488 /* Preview Assets.xcassets */; };
		5C6F2CB52B355BC700FE3488 /* MonthlyTemp.swift in Sources */ = {isa = PBXBuildFile; fileRef = 5C6F2CB42B355BC700FE3488 /* MonthlyTemp.swift */; };
		5C6F2CB82B3565F400FE3488 /* BasicAreaChartView.swift in Sources */ = {isa = PBXBuildFile; fileRef = 5C6F2CB72B3565F400FE3488 /* BasicAreaChartView.swift */; };
		5C6F2CBA2B35660100FE3488 /* BasicBarChartView.swift in Sources */ = {isa = PBXBuildFile; fileRef = 5C6F2CB92B35660100FE3488 /* BasicBarChartView.swift */; };
		5C6F2CBC2B35661000FE3488 /* DataAreaChartView.swift in Sources */ = {isa = PBXBuildFile; fileRef = 5C6F2CBB2B35661000FE3488 /* DataAreaChartView.swift */; };
		5C6F2CBE2B35662200FE3488 /* RectangleAndLineChartView.swift in Sources */ = {isa = PBXBuildFile; fileRef = 5C6F2CBD2B35662200FE3488 /* RectangleAndLineChartView.swift */; };
		5C6F2CC02B356AC800FE3488 /* YearLineChartView.swift in Sources */ = {isa = PBXBuildFile; fileRef = 5C6F2CBF2B356AC800FE3488 /* YearLineChartView.swift */; };
		5C6F2CC22B356AE400FE3488 /* StyleBarChartView.swift in Sources */ = {isa = PBXBuildFile; fileRef = 5C6F2CC12B356AE400FE3488 /* StyleBarChartView.swift */; };
		5C6F2CC52B356B8400FE3488 /* SalesModel.swift in Sources */ = {isa = PBXBuildFile; fileRef = 5C6F2CC42B356B8400FE3488 /* SalesModel.swift */; };
		5C6F2CCA2B356C3D00FE3488 /* ChartDemoView.swift in Sources */ = {isa = PBXBuildFile; fileRef = 5C6F2CC92B356C3D00FE3488 /* ChartDemoView.swift */; };
		5C6F2CCC2B356C7300FE3488 /* WheatherModel.swift in Sources */ = {isa = PBXBuildFile; fileRef = 5C6F2CCB2B356C7300FE3488 /* WheatherModel.swift */; };
		5C6F2CD12B3586D800FE3488 /* WheatherChartView.swift in Sources */ = {isa = PBXBuildFile; fileRef = 5C6F2CD02B3586D800FE3488 /* WheatherChartView.swift */; };
		5C7C31BE2B3590670012AC8C /* Secrets.xcconfig in Resources */ = {isa = PBXBuildFile; fileRef = 5C7C31BD2B358E800012AC8C /* Secrets.xcconfig */; };
/* End PBXBuildFile section */

/* Begin PBXFileReference section */
		5C6F2CA12B35529E00FE3488 /* ChartDemo.app */ = {isa = PBXFileReference; explicitFileType = wrapper.application; includeInIndex = 0; path = ChartDemo.app; sourceTree = BUILT_PRODUCTS_DIR; };
		5C6F2CA42B35529E00FE3488 /* ChartDemoApp.swift */ = {isa = PBXFileReference; lastKnownFileType = sourcecode.swift; path = ChartDemoApp.swift; sourceTree = "<group>"; };
		5C6F2CA62B35529E00FE3488 /* ContentView.swift */ = {isa = PBXFileReference; lastKnownFileType = sourcecode.swift; path = ContentView.swift; sourceTree = "<group>"; };
		5C6F2CA82B3552A000FE3488 /* Assets.xcassets */ = {isa = PBXFileReference; lastKnownFileType = folder.assetcatalog; path = Assets.xcassets; sourceTree = "<group>"; };
		5C6F2CAA2B3552A000FE3488 /* ChartDemo.entitlements */ = {isa = PBXFileReference; lastKnownFileType = text.plist.entitlements; path = ChartDemo.entitlements; sourceTree = "<group>"; };
		5C6F2CAC2B3552A000FE3488 /* Preview Assets.xcassets */ = {isa = PBXFileReference; lastKnownFileType = folder.assetcatalog; path = "Preview Assets.xcassets"; sourceTree = "<group>"; };
		5C6F2CB42B355BC700FE3488 /* MonthlyTemp.swift */ = {isa = PBXFileReference; lastKnownFileType = sourcecode.swift; path = MonthlyTemp.swift; sourceTree = "<group>"; };
		5C6F2CB72B3565F400FE3488 /* BasicAreaChartView.swift */ = {isa = PBXFileReference; lastKnownFileType = sourcecode.swift; path = BasicAreaChartView.swift; sourceTree = "<group>"; };
		5C6F2CB92B35660100FE3488 /* BasicBarChartView.swift */ = {isa = PBXFileReference; lastKnownFileType = sourcecode.swift; path = BasicBarChartView.swift; sourceTree = "<group>"; };
		5C6F2CBB2B35661000FE3488 /* DataAreaChartView.swift */ = {isa = PBXFileReference; lastKnownFileType = sourcecode.swift; path = DataAreaChartView.swift; sourceTree = "<group>"; };
		5C6F2CBD2B35662200FE3488 /* RectangleAndLineChartView.swift */ = {isa = PBXFileReference; lastKnownFileType = sourcecode.swift; path = RectangleAndLineChartView.swift; sourceTree = "<group>"; };
		5C6F2CBF2B356AC800FE3488 /* YearLineChartView.swift */ = {isa = PBXFileReference; lastKnownFileType = sourcecode.swift; path = YearLineChartView.swift; sourceTree = "<group>"; };
		5C6F2CC12B356AE400FE3488 /* StyleBarChartView.swift */ = {isa = PBXFileReference; lastKnownFileType = sourcecode.swift; path = StyleBarChartView.swift; sourceTree = "<group>"; };
		5C6F2CC42B356B8400FE3488 /* SalesModel.swift */ = {isa = PBXFileReference; lastKnownFileType = sourcecode.swift; path = SalesModel.swift; sourceTree = "<group>"; };
		5C6F2CC92B356C3D00FE3488 /* ChartDemoView.swift */ = {isa = PBXFileReference; lastKnownFileType = sourcecode.swift; path = ChartDemoView.swift; sourceTree = "<group>"; };
		5C6F2CCB2B356C7300FE3488 /* WheatherModel.swift */ = {isa = PBXFileReference; lastKnownFileType = sourcecode.swift; path = WheatherModel.swift; sourceTree = "<group>"; };
		5C6F2CCD2B3577BB00FE3488 /* Info.plist */ = {isa = PBXFileReference; lastKnownFileType = text.plist; path = Info.plist; sourceTree = "<group>"; };
		5C6F2CD02B3586D800FE3488 /* WheatherChartView.swift */ = {isa = PBXFileReference; lastKnownFileType = sourcecode.swift; path = WheatherChartView.swift; sourceTree = "<group>"; };
		5C7C31BD2B358E800012AC8C /* Secrets.xcconfig */ = {isa = PBXFileReference; lastKnownFileType = text.xcconfig; path = Secrets.xcconfig; sourceTree = "<group>"; };
/* End PBXFileReference section */

/* Begin PBXFrameworksBuildPhase section */
		5C6F2C9E2B35529E00FE3488 /* Frameworks */ = {
			isa = PBXFrameworksBuildPhase;
			buildActionMask = 2147483647;
			files = (
			);
			runOnlyForDeploymentPostprocessing = 0;
		};
/* End PBXFrameworksBuildPhase section */

/* Begin PBXGroup section */
		5C6F2C982B35529E00FE3488 = {
			isa = PBXGroup;
			children = (
				5C6F2CA32B35529E00FE3488 /* ChartDemo */,
				5C6F2CA22B35529E00FE3488 /* Products */,
			);
			sourceTree = "<group>";
		};
		5C6F2CA22B35529E00FE3488 /* Products */ = {
			isa = PBXGroup;
			children = (
				5C6F2CA12B35529E00FE3488 /* ChartDemo.app */,
			);
			name = Products;
			sourceTree = "<group>";
		};
		5C6F2CA32B35529E00FE3488 /* ChartDemo */ = {
			isa = PBXGroup;
			children = (
				5C6F2CCD2B3577BB00FE3488 /* Info.plist */,
				5C6F2CA42B35529E00FE3488 /* ChartDemoApp.swift */,
				5C6F2CA62B35529E00FE3488 /* ContentView.swift */,
				5C6F2CC82B356C1B00FE3488 /* PracticeView */,
				5C6F2CC32B356B1900FE3488 /* TutorialView */,
				5C6F2CB62B35659F00FE3488 /* View */,
				5C6F2CB32B355B9800FE3488 /* Model */,
				5C6F2CA82B3552A000FE3488 /* Assets.xcassets */,
				5C6F2CAA2B3552A000FE3488 /* ChartDemo.entitlements */,
				5C7C31BD2B358E800012AC8C /* Secrets.xcconfig */,
				5C6F2CAB2B3552A000FE3488 /* Preview Content */,
			);
			path = ChartDemo;
			sourceTree = "<group>";
		};
		5C6F2CAB2B3552A000FE3488 /* Preview Content */ = {
			isa = PBXGroup;
			children = (
				5C6F2CAC2B3552A000FE3488 /* Preview Assets.xcassets */,
			);
			path = "Preview Content";
			sourceTree = "<group>";
		};
		5C6F2CB32B355B9800FE3488 /* Model */ = {
			isa = PBXGroup;
			children = (
				5C6F2CB42B355BC700FE3488 /* MonthlyTemp.swift */,
				5C6F2CC42B356B8400FE3488 /* SalesModel.swift */,
				5C6F2CCB2B356C7300FE3488 /* WheatherModel.swift */,
			);
			path = Model;
			sourceTree = "<group>";
		};
		5C6F2CB62B35659F00FE3488 /* View */ = {
			isa = PBXGroup;
			children = (
				5C6F2CB72B3565F400FE3488 /* BasicAreaChartView.swift */,
				5C6F2CBD2B35662200FE3488 /* RectangleAndLineChartView.swift */,
				5C6F2CBB2B35661000FE3488 /* DataAreaChartView.swift */,
				5C6F2CB92B35660100FE3488 /* BasicBarChartView.swift */,
				5C6F2CBF2B356AC800FE3488 /* YearLineChartView.swift */,
				5C6F2CC12B356AE400FE3488 /* StyleBarChartView.swift */,
			);
			path = View;
			sourceTree = "<group>";
		};
		5C6F2CC32B356B1900FE3488 /* TutorialView */ = {
			isa = PBXGroup;
			children = (
				5C6F2CC92B356C3D00FE3488 /* ChartDemoView.swift */,
			);
			path = TutorialView;
			sourceTree = "<group>";
		};
		5C6F2CC82B356C1B00FE3488 /* PracticeView */ = {
			isa = PBXGroup;
			children = (
				5C6F2CD02B3586D800FE3488 /* WheatherChartView.swift */,
			);
			path = PracticeView;
			sourceTree = "<group>";
		};
/* End PBXGroup section */

/* Begin PBXNativeTarget section */
		5C6F2CA02B35529E00FE3488 /* ChartDemo */ = {
			isa = PBXNativeTarget;
			buildConfigurationList = 5C6F2CB02B3552A000FE3488 /* Build configuration list for PBXNativeTarget "ChartDemo" */;
			buildPhases = (
				5C6F2C9D2B35529E00FE3488 /* Sources */,
				5C6F2C9E2B35529E00FE3488 /* Frameworks */,
				5C6F2C9F2B35529E00FE3488 /* Resources */,
			);
			buildRules = (
			);
			dependencies = (
			);
			name = ChartDemo;
			productName = ChartDemo;
			productReference = 5C6F2CA12B35529E00FE3488 /* ChartDemo.app */;
			productType = "com.apple.product-type.application";
		};
/* End PBXNativeTarget section */

/* Begin PBXProject section */
		5C6F2C992B35529E00FE3488 /* Project object */ = {
			isa = PBXProject;
			attributes = {
				BuildIndependentTargetsInParallel = 1;
				LastSwiftUpdateCheck = 1500;
				LastUpgradeCheck = 1500;
				TargetAttributes = {
					5C6F2CA02B35529E00FE3488 = {
						CreatedOnToolsVersion = 15.0.1;
					};
				};
			};
			buildConfigurationList = 5C6F2C9C2B35529E00FE3488 /* Build configuration list for PBXProject "ChartDemo" */;
			compatibilityVersion = "Xcode 14.0";
			developmentRegion = en;
			hasScannedForEncodings = 0;
			knownRegions = (
				en,
				Base,
			);
			mainGroup = 5C6F2C982B35529E00FE3488;
			productRefGroup = 5C6F2CA22B35529E00FE3488 /* Products */;
			projectDirPath = "";
			projectRoot = "";
			targets = (
				5C6F2CA02B35529E00FE3488 /* ChartDemo */,
			);
		};
/* End PBXProject section */

/* Begin PBXResourcesBuildPhase section */
		5C6F2C9F2B35529E00FE3488 /* Resources */ = {
			isa = PBXResourcesBuildPhase;
			buildActionMask = 2147483647;
			files = (
				5C6F2CAD2B3552A000FE3488 /* Preview Assets.xcassets in Resources */,
				5C6F2CA92B3552A000FE3488 /* Assets.xcassets in Resources */,
				5C7C31BE2B3590670012AC8C /* Secrets.xcconfig in Resources */,
			);
			runOnlyForDeploymentPostprocessing = 0;
		};
/* End PBXResourcesBuildPhase section */

/* Begin PBXSourcesBuildPhase section */
		5C6F2C9D2B35529E00FE3488 /* Sources */ = {
			isa = PBXSourcesBuildPhase;
			buildActionMask = 2147483647;
			files = (
				5C6F2CC02B356AC800FE3488 /* YearLineChartView.swift in Sources */,
				5C6F2CBA2B35660100FE3488 /* BasicBarChartView.swift in Sources */,
				5C6F2CA72B35529E00FE3488 /* ContentView.swift in Sources */,
				5C6F2CC52B356B8400FE3488 /* SalesModel.swift in Sources */,
				5C6F2CD12B3586D800FE3488 /* WheatherChartView.swift in Sources */,
				5C6F2CA52B35529E00FE3488 /* ChartDemoApp.swift in Sources */,
				5C6F2CBE2B35662200FE3488 /* RectangleAndLineChartView.swift in Sources */,
				5C6F2CC22B356AE400FE3488 /* StyleBarChartView.swift in Sources */,
				5C6F2CCC2B356C7300FE3488 /* WheatherModel.swift in Sources */,
				5C6F2CCA2B356C3D00FE3488 /* ChartDemoView.swift in Sources */,
				5C6F2CB52B355BC700FE3488 /* MonthlyTemp.swift in Sources */,
				5C6F2CBC2B35661000FE3488 /* DataAreaChartView.swift in Sources */,
				5C6F2CB82B3565F400FE3488 /* BasicAreaChartView.swift in Sources */,
			);
			runOnlyForDeploymentPostprocessing = 0;
		};
/* End PBXSourcesBuildPhase section */

/* Begin XCBuildConfiguration section */
		5C6F2CAE2B3552A000FE3488 /* Debug */ = {
			isa = XCBuildConfiguration;
			buildSettings = {
				ALWAYS_SEARCH_USER_PATHS = NO;
				ASSETCATALOG_COMPILER_GENERATE_SWIFT_ASSET_SYMBOL_EXTENSIONS = YES;
				CLANG_ANALYZER_NONNULL = YES;
				CLANG_ANALYZER_NUMBER_OBJECT_CONVERSION = YES_AGGRESSIVE;
				CLANG_CXX_LANGUAGE_STANDARD = "gnu++20";
				CLANG_ENABLE_MODULES = YES;
				CLANG_ENABLE_OBJC_ARC = YES;
				CLANG_ENABLE_OBJC_WEAK = YES;
				CLANG_WARN_BLOCK_CAPTURE_AUTORELEASING = YES;
				CLANG_WARN_BOOL_CONVERSION = YES;
				CLANG_WARN_COMMA = YES;
				CLANG_WARN_CONSTANT_CONVERSION = YES;
				CLANG_WARN_DEPRECATED_OBJC_IMPLEMENTATIONS = YES;
				CLANG_WARN_DIRECT_OBJC_ISA_USAGE = YES_ERROR;
				CLANG_WARN_DOCUMENTATION_COMMENTS = YES;
				CLANG_WARN_EMPTY_BODY = YES;
				CLANG_WARN_ENUM_CONVERSION = YES;
				CLANG_WARN_INFINITE_RECURSION = YES;
				CLANG_WARN_INT_CONVERSION = YES;
				CLANG_WARN_NON_LITERAL_NULL_CONVERSION = YES;
				CLANG_WARN_OBJC_IMPLICIT_RETAIN_SELF = YES;
				CLANG_WARN_OBJC_LITERAL_CONVERSION = YES;
				CLANG_WARN_OBJC_ROOT_CLASS = YES_ERROR;
				CLANG_WARN_QUOTED_INCLUDE_IN_FRAMEWORK_HEADER = YES;
				CLANG_WARN_RANGE_LOOP_ANALYSIS = YES;
				CLANG_WARN_STRICT_PROTOTYPES = YES;
				CLANG_WARN_SUSPICIOUS_MOVE = YES;
				CLANG_WARN_UNGUARDED_AVAILABILITY = YES_AGGRESSIVE;
				CLANG_WARN_UNREACHABLE_CODE = YES;
				CLANG_WARN__DUPLICATE_METHOD_MATCH = YES;
				COPY_PHASE_STRIP = NO;
				DEBUG_INFORMATION_FORMAT = dwarf;
				ENABLE_STRICT_OBJC_MSGSEND = YES;
				ENABLE_TESTABILITY = YES;
				ENABLE_USER_SCRIPT_SANDBOXING = YES;
				GCC_C_LANGUAGE_STANDARD = gnu17;
				GCC_DYNAMIC_NO_PIC = NO;
				GCC_NO_COMMON_BLOCKS = YES;
				GCC_OPTIMIZATION_LEVEL = 0;
				GCC_PREPROCESSOR_DEFINITIONS = (
					"DEBUG=1",
					"$(inherited)",
				);
				GCC_WARN_64_TO_32_BIT_CONVERSION = YES;
				GCC_WARN_ABOUT_RETURN_TYPE = YES_ERROR;
				GCC_WARN_UNDECLARED_SELECTOR = YES;
				GCC_WARN_UNINITIALIZED_AUTOS = YES_AGGRESSIVE;
				GCC_WARN_UNUSED_FUNCTION = YES;
				GCC_WARN_UNUSED_VARIABLE = YES;
				LOCALIZATION_PREFERS_STRING_CATALOGS = YES;
				MTL_ENABLE_DEBUG_INFO = INCLUDE_SOURCE;
				MTL_FAST_MATH = YES;
				ONLY_ACTIVE_ARCH = YES;
				SWIFT_ACTIVE_COMPILATION_CONDITIONS = "DEBUG $(inherited)";
				SWIFT_OPTIMIZATION_LEVEL = "-Onone";
			};
			name = Debug;
		};
		5C6F2CAF2B3552A000FE3488 /* Release */ = {
			isa = XCBuildConfiguration;
			buildSettings = {
				ALWAYS_SEARCH_USER_PATHS = NO;
				ASSETCATALOG_COMPILER_GENERATE_SWIFT_ASSET_SYMBOL_EXTENSIONS = YES;
				CLANG_ANALYZER_NONNULL = YES;
				CLANG_ANALYZER_NUMBER_OBJECT_CONVERSION = YES_AGGRESSIVE;
				CLANG_CXX_LANGUAGE_STANDARD = "gnu++20";
				CLANG_ENABLE_MODULES = YES;
				CLANG_ENABLE_OBJC_ARC = YES;
				CLANG_ENABLE_OBJC_WEAK = YES;
				CLANG_WARN_BLOCK_CAPTURE_AUTORELEASING = YES;
				CLANG_WARN_BOOL_CONVERSION = YES;
				CLANG_WARN_COMMA = YES;
				CLANG_WARN_CONSTANT_CONVERSION = YES;
				CLANG_WARN_DEPRECATED_OBJC_IMPLEMENTATIONS = YES;
				CLANG_WARN_DIRECT_OBJC_ISA_USAGE = YES_ERROR;
				CLANG_WARN_DOCUMENTATION_COMMENTS = YES;
				CLANG_WARN_EMPTY_BODY = YES;
				CLANG_WARN_ENUM_CONVERSION = YES;
				CLANG_WARN_INFINITE_RECURSION = YES;
				CLANG_WARN_INT_CONVERSION = YES;
				CLANG_WARN_NON_LITERAL_NULL_CONVERSION = YES;
				CLANG_WARN_OBJC_IMPLICIT_RETAIN_SELF = YES;
				CLANG_WARN_OBJC_LITERAL_CONVERSION = YES;
				CLANG_WARN_OBJC_ROOT_CLASS = YES_ERROR;
				CLANG_WARN_QUOTED_INCLUDE_IN_FRAMEWORK_HEADER = YES;
				CLANG_WARN_RANGE_LOOP_ANALYSIS = YES;
				CLANG_WARN_STRICT_PROTOTYPES = YES;
				CLANG_WARN_SUSPICIOUS_MOVE = YES;
				CLANG_WARN_UNGUARDED_AVAILABILITY = YES_AGGRESSIVE;
				CLANG_WARN_UNREACHABLE_CODE = YES;
				CLANG_WARN__DUPLICATE_METHOD_MATCH = YES;
				COPY_PHASE_STRIP = NO;
				DEBUG_INFORMATION_FORMAT = "dwarf-with-dsym";
				ENABLE_NS_ASSERTIONS = NO;
				ENABLE_STRICT_OBJC_MSGSEND = YES;
				ENABLE_USER_SCRIPT_SANDBOXING = YES;
				GCC_C_LANGUAGE_STANDARD = gnu17;
				GCC_NO_COMMON_BLOCKS = YES;
				GCC_WARN_64_TO_32_BIT_CONVERSION = YES;
				GCC_WARN_ABOUT_RETURN_TYPE = YES_ERROR;
				GCC_WARN_UNDECLARED_SELECTOR = YES;
				GCC_WARN_UNINITIALIZED_AUTOS = YES_AGGRESSIVE;
				GCC_WARN_UNUSED_FUNCTION = YES;
				GCC_WARN_UNUSED_VARIABLE = YES;
				LOCALIZATION_PREFERS_STRING_CATALOGS = YES;
				MTL_ENABLE_DEBUG_INFO = NO;
				MTL_FAST_MATH = YES;
				SWIFT_COMPILATION_MODE = wholemodule;
			};
			name = Release;
		};
		5C6F2CB12B3552A000FE3488 /* Debug */ = {
			isa = XCBuildConfiguration;
			baseConfigurationReference = 5C7C31BD2B358E800012AC8C /* Secrets.xcconfig */;
			buildSettings = {
				ASSETCATALOG_COMPILER_APPICON_NAME = AppIcon;
				ASSETCATALOG_COMPILER_GLOBAL_ACCENT_COLOR_NAME = AccentColor;
				CODE_SIGN_ENTITLEMENTS = ChartDemo/ChartDemo.entitlements;
				CODE_SIGN_STYLE = Automatic;
				CURRENT_PROJECT_VERSION = 1;
				DEVELOPMENT_ASSET_PATHS = "\"ChartDemo/Preview Content\"";
				DEVELOPMENT_TEAM = KVX67TSKSQ;
				ENABLE_HARDENED_RUNTIME = YES;
				ENABLE_PREVIEWS = YES;
				GENERATE_INFOPLIST_FILE = YES;
				INFOPLIST_FILE = ChartDemo/Info.plist;
				"INFOPLIST_KEY_UIApplicationSceneManifest_Generation[sdk=iphoneos*]" = YES;
				"INFOPLIST_KEY_UIApplicationSceneManifest_Generation[sdk=iphonesimulator*]" = YES;
				"INFOPLIST_KEY_UIApplicationSupportsIndirectInputEvents[sdk=iphoneos*]" = YES;
				"INFOPLIST_KEY_UIApplicationSupportsIndirectInputEvents[sdk=iphonesimulator*]" = YES;
				"INFOPLIST_KEY_UILaunchScreen_Generation[sdk=iphoneos*]" = YES;
				"INFOPLIST_KEY_UILaunchScreen_Generation[sdk=iphonesimulator*]" = YES;
				"INFOPLIST_KEY_UIStatusBarStyle[sdk=iphoneos*]" = UIStatusBarStyleDefault;
				"INFOPLIST_KEY_UIStatusBarStyle[sdk=iphonesimulator*]" = UIStatusBarStyleDefault;
				INFOPLIST_KEY_UISupportedInterfaceOrientations_iPad = "UIInterfaceOrientationPortrait UIInterfaceOrientationPortraitUpsideDown UIInterfaceOrientationLandscapeLeft UIInterfaceOrientationLandscapeRight";
				INFOPLIST_KEY_UISupportedInterfaceOrientations_iPhone = "UIInterfaceOrientationPortrait UIInterfaceOrientationLandscapeLeft UIInterfaceOrientationLandscapeRight";
				IPHONEOS_DEPLOYMENT_TARGET = 16.4;
				LD_RUNPATH_SEARCH_PATHS = "@executable_path/Frameworks";
				"LD_RUNPATH_SEARCH_PATHS[sdk=macosx*]" = "@executable_path/../Frameworks";
				MACOSX_DEPLOYMENT_TARGET = 13.5;
				MARKETING_VERSION = 1.0;
				PRODUCT_BUNDLE_IDENTIFIER = net.jihoon.ChartDemo;
				PRODUCT_NAME = "$(TARGET_NAME)";
				SDKROOT = auto;
				SUPPORTED_PLATFORMS = "iphoneos iphonesimulator macosx";
				SWIFT_EMIT_LOC_STRINGS = YES;
				SWIFT_VERSION = 5.0;
				TARGETED_DEVICE_FAMILY = "1,2";
			};
			name = Debug;
		};
		5C6F2CB22B3552A000FE3488 /* Release */ = {
			isa = XCBuildConfiguration;
			baseConfigurationReference = 5C7C31BD2B358E800012AC8C /* Secrets.xcconfig */;
			buildSettings = {
				ASSETCATALOG_COMPILER_APPICON_NAME = AppIcon;
				ASSETCATALOG_COMPILER_GLOBAL_ACCENT_COLOR_NAME = AccentColor;
				CODE_SIGN_ENTITLEMENTS = ChartDemo/ChartDemo.entitlements;
				CODE_SIGN_STYLE = Automatic;
				CURRENT_PROJECT_VERSION = 1;
				DEVELOPMENT_ASSET_PATHS = "\"ChartDemo/Preview Content\"";
				DEVELOPMENT_TEAM = KVX67TSKSQ;
				ENABLE_HARDENED_RUNTIME = YES;
				ENABLE_PREVIEWS = YES;
				GENERATE_INFOPLIST_FILE = YES;
				INFOPLIST_FILE = ChartDemo/Info.plist;
				"INFOPLIST_KEY_UIApplicationSceneManifest_Generation[sdk=iphoneos*]" = YES;
				"INFOPLIST_KEY_UIApplicationSceneManifest_Generation[sdk=iphonesimulator*]" = YES;
				"INFOPLIST_KEY_UIApplicationSupportsIndirectInputEvents[sdk=iphoneos*]" = YES;
				"INFOPLIST_KEY_UIApplicationSupportsIndirectInputEvents[sdk=iphonesimulator*]" = YES;
				"INFOPLIST_KEY_UILaunchScreen_Generation[sdk=iphoneos*]" = YES;
				"INFOPLIST_KEY_UILaunchScreen_Generation[sdk=iphonesimulator*]" = YES;
				"INFOPLIST_KEY_UIStatusBarStyle[sdk=iphoneos*]" = UIStatusBarStyleDefault;
				"INFOPLIST_KEY_UIStatusBarStyle[sdk=iphonesimulator*]" = UIStatusBarStyleDefault;
				INFOPLIST_KEY_UISupportedInterfaceOrientations_iPad = "UIInterfaceOrientationPortrait UIInterfaceOrientationPortraitUpsideDown UIInterfaceOrientationLandscapeLeft UIInterfaceOrientationLandscapeRight";
				INFOPLIST_KEY_UISupportedInterfaceOrientations_iPhone = "UIInterfaceOrientationPortrait UIInterfaceOrientationLandscapeLeft UIInterfaceOrientationLandscapeRight";
				IPHONEOS_DEPLOYMENT_TARGET = 16.4;
				LD_RUNPATH_SEARCH_PATHS = "@executable_path/Frameworks";
				"LD_RUNPATH_SEARCH_PATHS[sdk=macosx*]" = "@executable_path/../Frameworks";
				MACOSX_DEPLOYMENT_TARGET = 13.5;
				MARKETING_VERSION = 1.0;
				PRODUCT_BUNDLE_IDENTIFIER = net.jihoon.ChartDemo;
				PRODUCT_NAME = "$(TARGET_NAME)";
				SDKROOT = auto;
				SUPPORTED_PLATFORMS = "iphoneos iphonesimulator macosx";
				SWIFT_EMIT_LOC_STRINGS = YES;
				SWIFT_VERSION = 5.0;
				TARGETED_DEVICE_FAMILY = "1,2";
			};
			name = Release;
		};
/* End XCBuildConfiguration section */

/* Begin XCConfigurationList section */
		5C6F2C9C2B35529E00FE3488 /* Build configuration list for PBXProject "ChartDemo" */ = {
			isa = XCConfigurationList;
			buildConfigurations = (
				5C6F2CAE2B3552A000FE3488 /* Debug */,
				5C6F2CAF2B3552A000FE3488 /* Release */,
			);
			defaultConfigurationIsVisible = 0;
			defaultConfigurationName = Release;
		};
		5C6F2CB02B3552A000FE3488 /* Build configuration list for PBXNativeTarget "ChartDemo" */ = {
			isa = XCConfigurationList;
			buildConfigurations = (
				5C6F2CB12B3552A000FE3488 /* Debug */,
				5C6F2CB22B3552A000FE3488 /* Release */,
			);
			defaultConfigurationIsVisible = 0;
			defaultConfigurationName = Release;
		};
/* End XCConfigurationList section */
	};
	rootObject = 5C6F2C992B35529E00FE3488 /* Project object */;
}
